
Microsoft Visual Studio Solution File, Format Version 12.00
# Visual Studio Version 16
VisualStudioVersion = 16.0.31702.278
MinimumVisualStudioVersion = 10.0.40219.1
Project("{FAE04EC0-301F-11D3-BF4B-00C04F79EFBC}") = "Part7DataTypeConversions", "Part7DataTypeConversions\Part7DataTypeConversions.csproj", "{8FB41FB1-FBFB-4D5B-BFC6-7AFE05B13C98}"
EndProject
Global
	GlobalSection(SolutionConfigurationPlatforms) = preSolution
		Debug|Any CPU = Debug|Any CPU
		Release|Any CPU = Release|Any CPU
	EndGlobalSection
	GlobalSection(ProjectConfigurationPlatforms) = postSolution
		{8FB41FB1-FBFB-4D5B-BFC6-7AFE05B13C98}.Debug|Any CPU.ActiveCfg = Debug|Any CPU
		{8FB41FB1-FBFB-4D5B-BFC6-7AFE05B13C98}.Debug|Any CPU.Build.0 = Debug|Any CPU
		{8FB41FB1-FBFB-4D5B-BFC6-7AFE05B13C98}.Release|Any CPU.ActiveCfg = Release|Any CPU
		{8FB41FB1-FBFB-4D5B-BFC6-7AFE05B13C98}.Release|Any CPU.Build.0 = Release|Any CPU
	EndGlobalSection
	GlobalSection(SolutionProperties) = preSolution
		HideSolutionNode = FALSE
	EndGlobalSection
	GlobalSection(ExtensibilityGlobals) = postSolution
		SolutionGuid = {65093CF1-6944-49E5-8FE7-43362820D109}
	EndGlobalSection
EndGlobal
